
Microsoft Visual Studio Solution File, Format Version 12.00
# Visual Studio Version 17
VisualStudioVersion = 17.13.35825.156 d17.13
MinimumVisualStudioVersion = 10.0.40219.1
Project("{FAE04EC0-301F-11D3-BF4B-00C04F79EFBC}") = "ToDoList_Telegram_Bot", "ToDoList_Telegram_Bot\ToDoList_Telegram_Bot.csproj", "{4FCE94AB-6E91-4689-AF5A-16396EEAA379}"
EndProject
Global
	GlobalSection(SolutionConfigurationPlatforms) = preSolution
		Debug|Any CPU = Debug|Any CPU
		Release|Any CPU = Release|Any CPU
	EndGlobalSection
	GlobalSection(ProjectConfigurationPlatforms) = postSolution
		{4FCE94AB-6E91-4689-AF5A-16396EEAA379}.Debug|Any CPU.ActiveCfg = Debug|Any CPU
		{4FCE94AB-6E91-4689-AF5A-16396EEAA379}.Debug|Any CPU.Build.0 = Debug|Any CPU
		{4FCE94AB-6E91-4689-AF5A-16396EEAA379}.Release|Any CPU.ActiveCfg = Release|Any CPU
		{4FCE94AB-6E91-4689-AF5A-16396EEAA379}.Release|Any CPU.Build.0 = Release|Any CPU
	EndGlobalSection
	GlobalSection(SolutionProperties) = preSolution
		HideSolutionNode = FALSE
	EndGlobalSection
	GlobalSection(ExtensibilityGlobals) = postSolution
		SolutionGuid = {8791FC5D-233F-465C-9033-130FBB9F0EB9}
	EndGlobalSection
EndGlobal
